// !$*UTF8*$!
{
	archiveVersion = 1;
	classes = {
	};
	objectVersion = 56;
	objects = {

/* Begin PBXBuildFile section */
		9C5F7C942953273F00DEF4E0 /* AppDelegate.swift in Sources */ = {isa = PBXBuildFile; fileRef = 9C5F7C932953273F00DEF4E0 /* AppDelegate.swift */; };
		9C5F7C962953273F00DEF4E0 /* SceneDelegate.swift in Sources */ = {isa = PBXBuildFile; fileRef = 9C5F7C952953273F00DEF4E0 /* SceneDelegate.swift */; };
		9C5F7C982953273F00DEF4E0 /* MainViewController.swift in Sources */ = {isa = PBXBuildFile; fileRef = 9C5F7C972953273F00DEF4E0 /* MainViewController.swift */; };
		9C5F7C9B2953273F00DEF4E0 /* Main.storyboard in Resources */ = {isa = PBXBuildFile; fileRef = 9C5F7C992953273F00DEF4E0 /* Main.storyboard */; };
		9C5F7C9E2953273F00DEF4E0 /* Notes.xcdatamodeld in Sources */ = {isa = PBXBuildFile; fileRef = 9C5F7C9C2953273F00DEF4E0 /* Notes.xcdatamodeld */; };
		9C5F7CA02953274100DEF4E0 /* Assets.xcassets in Resources */ = {isa = PBXBuildFile; fileRef = 9C5F7C9F2953274100DEF4E0 /* Assets.xcassets */; };
		9C5F7CA32953274100DEF4E0 /* LaunchScreen.storyboard in Resources */ = {isa = PBXBuildFile; fileRef = 9C5F7CA12953274100DEF4E0 /* LaunchScreen.storyboard */; };
		9C5F7CAE2953276D00DEF4E0 /* Notes.swift in Sources */ = {isa = PBXBuildFile; fileRef = 9C5F7CAD2953276D00DEF4E0 /* Notes.swift */; };
		9C5F7CB52953522900DEF4E0 /* Colors.swift in Sources */ = {isa = PBXBuildFile; fileRef = 9C5F7CB42953522900DEF4E0 /* Colors.swift */; };
		9C5F7CB7295358DE00DEF4E0 /* NoteCell.swift in Sources */ = {isa = PBXBuildFile; fileRef = 9C5F7CB6295358DE00DEF4E0 /* NoteCell.swift */; };
		9C5F7CBA29535E4400DEF4E0 /* Hess-Gothic-Round-NF-W01-Thin.ttf in Resources */ = {isa = PBXBuildFile; fileRef = 9C5F7CB929535E4400DEF4E0 /* Hess-Gothic-Round-NF-W01-Thin.ttf */; };
		9C5F7CBC29535E4F00DEF4E0 /* Hess-Gothic-Round-NF-W01-Rg.ttf in Resources */ = {isa = PBXBuildFile; fileRef = 9C5F7CBB29535E4F00DEF4E0 /* Hess-Gothic-Round-NF-W01-Rg.ttf */; };
		9C866D3E29535FDA002498A4 /* Fonts.swift in Sources */ = {isa = PBXBuildFile; fileRef = 9C866D3D29535FDA002498A4 /* Fonts.swift */; };
		9C866D4029538015002498A4 /* DolomanPavljenko.otf in Resources */ = {isa = PBXBuildFile; fileRef = 9C866D3F29538015002498A4 /* DolomanPavljenko.otf */; };
		9C866D422954661E002498A4 /* Date.swift in Sources */ = {isa = PBXBuildFile; fileRef = 9C866D412954661E002498A4 /* Date.swift */; };
		9C866D4429549B76002498A4 /* Coordinator.swift in Sources */ = {isa = PBXBuildFile; fileRef = 9C866D4329549B76002498A4 /* Coordinator.swift */; };
		9C866D4729549BB2002498A4 /* MainViewControllerCoordinator.swift in Sources */ = {isa = PBXBuildFile; fileRef = 9C866D4629549BB2002498A4 /* MainViewControllerCoordinator.swift */; };
		9C866D4929549C14002498A4 /* NoteEditViewController.swift in Sources */ = {isa = PBXBuildFile; fileRef = 9C866D4829549C14002498A4 /* NoteEditViewController.swift */; };
		9C866D4B29549C36002498A4 /* NoteEditViewCoordinator.swift in Sources */ = {isa = PBXBuildFile; fileRef = 9C866D4A29549C36002498A4 /* NoteEditViewCoordinator.swift */; };
		9C866D4D2954D11B002498A4 /* lato-light.ttf in Resources */ = {isa = PBXBuildFile; fileRef = 9C866D4C2954D11B002498A4 /* lato-light.ttf */; };
/* End PBXBuildFile section */

/* Begin PBXFileReference section */
		9C5F7C902953273F00DEF4E0 /* Notes.app */ = {isa = PBXFileReference; explicitFileType = wrapper.application; includeInIndex = 0; path = Notes.app; sourceTree = BUILT_PRODUCTS_DIR; };
		9C5F7C932953273F00DEF4E0 /* AppDelegate.swift */ = {isa = PBXFileReference; lastKnownFileType = sourcecode.swift; path = AppDelegate.swift; sourceTree = "<group>"; };
		9C5F7C952953273F00DEF4E0 /* SceneDelegate.swift */ = {isa = PBXFileReference; lastKnownFileType = sourcecode.swift; path = SceneDelegate.swift; sourceTree = "<group>"; };
		9C5F7C972953273F00DEF4E0 /* MainViewController.swift */ = {isa = PBXFileReference; lastKnownFileType = sourcecode.swift; path = MainViewController.swift; sourceTree = "<group>"; };
		9C5F7C9A2953273F00DEF4E0 /* Base */ = {isa = PBXFileReference; lastKnownFileType = file.storyboard; name = Base; path = Base.lproj/Main.storyboard; sourceTree = "<group>"; };
		9C5F7C9D2953273F00DEF4E0 /* Notes.xcdatamodel */ = {isa = PBXFileReference; lastKnownFileType = wrapper.xcdatamodel; path = Notes.xcdatamodel; sourceTree = "<group>"; };
		9C5F7C9F2953274100DEF4E0 /* Assets.xcassets */ = {isa = PBXFileReference; lastKnownFileType = folder.assetcatalog; path = Assets.xcassets; sourceTree = "<group>"; };
		9C5F7CA22953274100DEF4E0 /* Base */ = {isa = PBXFileReference; lastKnownFileType = file.storyboard; name = Base; path = Base.lproj/LaunchScreen.storyboard; sourceTree = "<group>"; };
		9C5F7CA42953274100DEF4E0 /* Info.plist */ = {isa = PBXFileReference; lastKnownFileType = text.plist.xml; path = Info.plist; sourceTree = "<group>"; };
		9C5F7CAD2953276D00DEF4E0 /* Notes.swift */ = {isa = PBXFileReference; lastKnownFileType = sourcecode.swift; path = Notes.swift; sourceTree = "<group>"; };
		9C5F7CB42953522900DEF4E0 /* Colors.swift */ = {isa = PBXFileReference; lastKnownFileType = sourcecode.swift; path = Colors.swift; sourceTree = "<group>"; };
		9C5F7CB6295358DE00DEF4E0 /* NoteCell.swift */ = {isa = PBXFileReference; lastKnownFileType = sourcecode.swift; path = NoteCell.swift; sourceTree = "<group>"; };
		9C5F7CB929535E4400DEF4E0 /* Hess-Gothic-Round-NF-W01-Thin.ttf */ = {isa = PBXFileReference; lastKnownFileType = file; path = "Hess-Gothic-Round-NF-W01-Thin.ttf"; sourceTree = "<group>"; };
		9C5F7CBB29535E4F00DEF4E0 /* Hess-Gothic-Round-NF-W01-Rg.ttf */ = {isa = PBXFileReference; lastKnownFileType = file; path = "Hess-Gothic-Round-NF-W01-Rg.ttf"; sourceTree = "<group>"; };
		9C866D3D29535FDA002498A4 /* Fonts.swift */ = {isa = PBXFileReference; lastKnownFileType = sourcecode.swift; path = Fonts.swift; sourceTree = "<group>"; };
		9C866D3F29538015002498A4 /* DolomanPavljenko.otf */ = {isa = PBXFileReference; lastKnownFileType = file; path = DolomanPavljenko.otf; sourceTree = "<group>"; };
		9C866D412954661E002498A4 /* Date.swift */ = {isa = PBXFileReference; lastKnownFileType = sourcecode.swift; path = Date.swift; sourceTree = "<group>"; };
		9C866D4329549B76002498A4 /* Coordinator.swift */ = {isa = PBXFileReference; lastKnownFileType = sourcecode.swift; path = Coordinator.swift; sourceTree = "<group>"; };
		9C866D4629549BB2002498A4 /* MainViewControllerCoordinator.swift */ = {isa = PBXFileReference; lastKnownFileType = sourcecode.swift; path = MainViewControllerCoordinator.swift; sourceTree = "<group>"; };
		9C866D4829549C14002498A4 /* NoteEditViewController.swift */ = {isa = PBXFileReference; lastKnownFileType = sourcecode.swift; path = NoteEditViewController.swift; sourceTree = "<group>"; };
		9C866D4A29549C36002498A4 /* NoteEditViewCoordinator.swift */ = {isa = PBXFileReference; lastKnownFileType = sourcecode.swift; path = NoteEditViewCoordinator.swift; sourceTree = "<group>"; };
		9C866D4C2954D11B002498A4 /* lato-light.ttf */ = {isa = PBXFileReference; lastKnownFileType = file; path = "lato-light.ttf"; sourceTree = "<group>"; };
/* End PBXFileReference section */

/* Begin PBXFrameworksBuildPhase section */
		9C5F7C8D2953273F00DEF4E0 /* Frameworks */ = {
			isa = PBXFrameworksBuildPhase;
			buildActionMask = 2147483647;
			files = (
			);
			runOnlyForDeploymentPostprocessing = 0;
		};
/* End PBXFrameworksBuildPhase section */

/* Begin PBXGroup section */
		9C5F7C872953273F00DEF4E0 = {
			isa = PBXGroup;
			children = (
				9C5F7C932953273F00DEF4E0 /* AppDelegate.swift */,
				9C5F7C952953273F00DEF4E0 /* SceneDelegate.swift */,
				9C5F7C922953273F00DEF4E0 /* Notes */,
				9C5F7C912953273F00DEF4E0 /* Products */,
			);
			sourceTree = "<group>";
		};
		9C5F7C912953273F00DEF4E0 /* Products */ = {
			isa = PBXGroup;
			children = (
				9C5F7C902953273F00DEF4E0 /* Notes.app */,
			);
			name = Products;
			sourceTree = "<group>";
		};
		9C5F7C922953273F00DEF4E0 /* Notes */ = {
			isa = PBXGroup;
			children = (
				9C5F7CAF29532A6100DEF4E0 /* MainViewController */,
				9C5F7CAC2953275C00DEF4E0 /* Model */,
				9C5F7C992953273F00DEF4E0 /* Main.storyboard */,
				9C5F7C9F2953274100DEF4E0 /* Assets.xcassets */,
				9C5F7CB42953522900DEF4E0 /* Colors.swift */,
				9C5F7CB829535E0C00DEF4E0 /* Fonts */,
				9C5F7CA12953274100DEF4E0 /* LaunchScreen.storyboard */,
				9C5F7CA42953274100DEF4E0 /* Info.plist */,
				9C5F7C9C2953273F00DEF4E0 /* Notes.xcdatamodeld */,
			);
			path = Notes;
			sourceTree = "<group>";
		};
		9C5F7CAC2953275C00DEF4E0 /* Model */ = {
			isa = PBXGroup;
			children = (
				9C866D4529549B8F002498A4 /* Coordinator */,
				9C5F7CAD2953276D00DEF4E0 /* Notes.swift */,
				9C866D412954661E002498A4 /* Date.swift */,
			);
			path = Model;
			sourceTree = "<group>";
		};
		9C5F7CAF29532A6100DEF4E0 /* MainViewController */ = {
			isa = PBXGroup;
			children = (
				9C5F7C972953273F00DEF4E0 /* MainViewController.swift */,
				9C5F7CB6295358DE00DEF4E0 /* NoteCell.swift */,
				9C866D4829549C14002498A4 /* NoteEditViewController.swift */,
			);
			path = MainViewController;
			sourceTree = "<group>";
		};
		9C5F7CB829535E0C00DEF4E0 /* Fonts */ = {
			isa = PBXGroup;
			children = (
				9C5F7CB929535E4400DEF4E0 /* Hess-Gothic-Round-NF-W01-Thin.ttf */,
				9C866D4C2954D11B002498A4 /* lato-light.ttf */,
				9C866D3F29538015002498A4 /* DolomanPavljenko.otf */,
				9C5F7CBB29535E4F00DEF4E0 /* Hess-Gothic-Round-NF-W01-Rg.ttf */,
				9C866D3D29535FDA002498A4 /* Fonts.swift */,
			);
			path = Fonts;
			sourceTree = "<group>";
		};
		9C866D4529549B8F002498A4 /* Coordinator */ = {
			isa = PBXGroup;
			children = (
				9C866D4329549B76002498A4 /* Coordinator.swift */,
				9C866D4629549BB2002498A4 /* MainViewControllerCoordinator.swift */,
				9C866D4A29549C36002498A4 /* NoteEditViewCoordinator.swift */,
			);
			path = Coordinator;
			sourceTree = "<group>";
		};
/* End PBXGroup section */

/* Begin PBXNativeTarget section */
		9C5F7C8F2953273F00DEF4E0 /* Notes */ = {
			isa = PBXNativeTarget;
			buildConfigurationList = 9C5F7CA72953274100DEF4E0 /* Build configuration list for PBXNativeTarget "Notes" */;
			buildPhases = (
				9C5F7C8C2953273F00DEF4E0 /* Sources */,
				9C5F7C8D2953273F00DEF4E0 /* Frameworks */,
				9C5F7C8E2953273F00DEF4E0 /* Resources */,
			);
			buildRules = (
			);
			dependencies = (
			);
			name = Notes;
			productName = Notes;
			productReference = 9C5F7C902953273F00DEF4E0 /* Notes.app */;
			productType = "com.apple.product-type.application";
		};
/* End PBXNativeTarget section */

/* Begin PBXProject section */
		9C5F7C882953273F00DEF4E0 /* Project object */ = {
			isa = PBXProject;
			attributes = {
				BuildIndependentTargetsInParallel = 1;
				LastSwiftUpdateCheck = 1410;
				LastUpgradeCheck = 1410;
				TargetAttributes = {
					9C5F7C8F2953273F00DEF4E0 = {
						CreatedOnToolsVersion = 14.1;
					};
				};
			};
			buildConfigurationList = 9C5F7C8B2953273F00DEF4E0 /* Build configuration list for PBXProject "Notes" */;
			compatibilityVersion = "Xcode 14.0";
			developmentRegion = en;
			hasScannedForEncodings = 0;
			knownRegions = (
				en,
				Base,
			);
			mainGroup = 9C5F7C872953273F00DEF4E0;
			productRefGroup = 9C5F7C912953273F00DEF4E0 /* Products */;
			projectDirPath = "";
			projectRoot = "";
			targets = (
				9C5F7C8F2953273F00DEF4E0 /* Notes */,
			);
		};
/* End PBXProject section */

/* Begin PBXResourcesBuildPhase section */
		9C5F7C8E2953273F00DEF4E0 /* Resources */ = {
			isa = PBXResourcesBuildPhase;
			buildActionMask = 2147483647;
			files = (
				9C5F7CA32953274100DEF4E0 /* LaunchScreen.storyboard in Resources */,
				9C866D4D2954D11B002498A4 /* lato-light.ttf in Resources */,
				9C5F7CA02953274100DEF4E0 /* Assets.xcassets in Resources */,
				9C5F7CBA29535E4400DEF4E0 /* Hess-Gothic-Round-NF-W01-Thin.ttf in Resources */,
				9C866D4029538015002498A4 /* DolomanPavljenko.otf in Resources */,
				9C5F7CBC29535E4F00DEF4E0 /* Hess-Gothic-Round-NF-W01-Rg.ttf in Resources */,
				9C5F7C9B2953273F00DEF4E0 /* Main.storyboard in Resources */,
			);
			runOnlyForDeploymentPostprocessing = 0;
		};
/* End PBXResourcesBuildPhase section */

/* Begin PBXSourcesBuildPhase section */
		9C5F7C8C2953273F00DEF4E0 /* Sources */ = {
			isa = PBXSourcesBuildPhase;
			buildActionMask = 2147483647;
			files = (
				9C866D3E29535FDA002498A4 /* Fonts.swift in Sources */,
				9C5F7C982953273F00DEF4E0 /* MainViewController.swift in Sources */,
				9C866D4429549B76002498A4 /* Coordinator.swift in Sources */,
				9C5F7CB52953522900DEF4E0 /* Colors.swift in Sources */,
				9C5F7CAE2953276D00DEF4E0 /* Notes.swift in Sources */,
				9C866D4B29549C36002498A4 /* NoteEditViewCoordinator.swift in Sources */,
				9C5F7C942953273F00DEF4E0 /* AppDelegate.swift in Sources */,
				9C866D4929549C14002498A4 /* NoteEditViewController.swift in Sources */,
				9C5F7C962953273F00DEF4E0 /* SceneDelegate.swift in Sources */,
				9C5F7CB7295358DE00DEF4E0 /* NoteCell.swift in Sources */,
				9C866D422954661E002498A4 /* Date.swift in Sources */,
				9C866D4729549BB2002498A4 /* MainViewControllerCoordinator.swift in Sources */,
				9C5F7C9E2953273F00DEF4E0 /* Notes.xcdatamodeld in Sources */,
			);
			runOnlyForDeploymentPostprocessing = 0;
		};
/* End PBXSourcesBuildPhase section */

/* Begin PBXVariantGroup section */
		9C5F7C992953273F00DEF4E0 /* Main.storyboard */ = {
			isa = PBXVariantGroup;
			children = (
				9C5F7C9A2953273F00DEF4E0 /* Base */,
			);
			name = Main.storyboard;
			sourceTree = "<group>";
		};
		9C5F7CA12953274100DEF4E0 /* LaunchScreen.storyboard */ = {
			isa = PBXVariantGroup;
			children = (
				9C5F7CA22953274100DEF4E0 /* Base */,
			);
			name = LaunchScreen.storyboard;
			sourceTree = "<group>";
		};
/* End PBXVariantGroup section */

/* Begin XCBuildConfiguration section */
		9C5F7CA52953274100DEF4E0 /* Debug */ = {
			isa = XCBuildConfiguration;
			buildSettings = {
				ALWAYS_SEARCH_USER_PATHS = NO;
				CLANG_ANALYZER_NONNULL = YES;
				CLANG_ANALYZER_NUMBER_OBJECT_CONVERSION = YES_AGGRESSIVE;
				CLANG_CXX_LANGUAGE_STANDARD = "gnu++20";
				CLANG_ENABLE_MODULES = YES;
				CLANG_ENABLE_OBJC_ARC = YES;
				CLANG_ENABLE_OBJC_WEAK = YES;
				CLANG_WARN_BLOCK_CAPTURE_AUTORELEASING = YES;
				CLANG_WARN_BOOL_CONVERSION = YES;
				CLANG_WARN_COMMA = YES;
				CLANG_WARN_CONSTANT_CONVERSION = YES;
				CLANG_WARN_DEPRECATED_OBJC_IMPLEMENTATIONS = YES;
				CLANG_WARN_DIRECT_OBJC_ISA_USAGE = YES_ERROR;
				CLANG_WARN_DOCUMENTATION_COMMENTS = YES;
				CLANG_WARN_EMPTY_BODY = YES;
				CLANG_WARN_ENUM_CONVERSION = YES;
				CLANG_WARN_INFINITE_RECURSION = YES;
				CLANG_WARN_INT_CONVERSION = YES;
				CLANG_WARN_NON_LITERAL_NULL_CONVERSION = YES;
				CLANG_WARN_OBJC_IMPLICIT_RETAIN_SELF = YES;
				CLANG_WARN_OBJC_LITERAL_CONVERSION = YES;
				CLANG_WARN_OBJC_ROOT_CLASS = YES_ERROR;
				CLANG_WARN_QUOTED_INCLUDE_IN_FRAMEWORK_HEADER = YES;
				CLANG_WARN_RANGE_LOOP_ANALYSIS = YES;
				CLANG_WARN_STRICT_PROTOTYPES = YES;
				CLANG_WARN_SUSPICIOUS_MOVE = YES;
				CLANG_WARN_UNGUARDED_AVAILABILITY = YES_AGGRESSIVE;
				CLANG_WARN_UNREACHABLE_CODE = YES;
				CLANG_WARN__DUPLICATE_METHOD_MATCH = YES;
				COPY_PHASE_STRIP = NO;
				DEBUG_INFORMATION_FORMAT = dwarf;
				ENABLE_STRICT_OBJC_MSGSEND = YES;
				ENABLE_TESTABILITY = YES;
				GCC_C_LANGUAGE_STANDARD = gnu11;
				GCC_DYNAMIC_NO_PIC = NO;
				GCC_NO_COMMON_BLOCKS = YES;
				GCC_OPTIMIZATION_LEVEL = 0;
				GCC_PREPROCESSOR_DEFINITIONS = (
					"DEBUG=1",
					"$(inherited)",
				);
				GCC_WARN_64_TO_32_BIT_CONVERSION = YES;
				GCC_WARN_ABOUT_RETURN_TYPE = YES_ERROR;
				GCC_WARN_UNDECLARED_SELECTOR = YES;
				GCC_WARN_UNINITIALIZED_AUTOS = YES_AGGRESSIVE;
				GCC_WARN_UNUSED_FUNCTION = YES;
				GCC_WARN_UNUSED_VARIABLE = YES;
				IPHONEOS_DEPLOYMENT_TARGET = 16.1;
				MTL_ENABLE_DEBUG_INFO = INCLUDE_SOURCE;
				MTL_FAST_MATH = YES;
				ONLY_ACTIVE_ARCH = YES;
				SDKROOT = iphoneos;
				SWIFT_ACTIVE_COMPILATION_CONDITIONS = DEBUG;
				SWIFT_OPTIMIZATION_LEVEL = "-Onone";
			};
			name = Debug;
		};
		9C5F7CA62953274100DEF4E0 /* Release */ = {
			isa = XCBuildConfiguration;
			buildSettings = {
				ALWAYS_SEARCH_USER_PATHS = NO;
				CLANG_ANALYZER_NONNULL = YES;
				CLANG_ANALYZER_NUMBER_OBJECT_CONVERSION = YES_AGGRESSIVE;
				CLANG_CXX_LANGUAGE_STANDARD = "gnu++20";
				CLANG_ENABLE_MODULES = YES;
				CLANG_ENABLE_OBJC_ARC = YES;
				CLANG_ENABLE_OBJC_WEAK = YES;
				CLANG_WARN_BLOCK_CAPTURE_AUTORELEASING = YES;
				CLANG_WARN_BOOL_CONVERSION = YES;
				CLANG_WARN_COMMA = YES;
				CLANG_WARN_CONSTANT_CONVERSION = YES;
				CLANG_WARN_DEPRECATED_OBJC_IMPLEMENTATIONS = YES;
				CLANG_WARN_DIRECT_OBJC_ISA_USAGE = YES_ERROR;
				CLANG_WARN_DOCUMENTATION_COMMENTS = YES;
				CLANG_WARN_EMPTY_BODY = YES;
				CLANG_WARN_ENUM_CONVERSION = YES;
				CLANG_WARN_INFINITE_RECURSION = YES;
				CLANG_WARN_INT_CONVERSION = YES;
				CLANG_WARN_NON_LITERAL_NULL_CONVERSION = YES;
				CLANG_WARN_OBJC_IMPLICIT_RETAIN_SELF = YES;
				CLANG_WARN_OBJC_LITERAL_CONVERSION = YES;
				CLANG_WARN_OBJC_ROOT_CLASS = YES_ERROR;
				CLANG_WARN_QUOTED_INCLUDE_IN_FRAMEWORK_HEADER = YES;
				CLANG_WARN_RANGE_LOOP_ANALYSIS = YES;
				CLANG_WARN_STRICT_PROTOTYPES = YES;
				CLANG_WARN_SUSPICIOUS_MOVE = YES;
				CLANG_WARN_UNGUARDED_AVAILABILITY = YES_AGGRESSIVE;
				CLANG_WARN_UNREACHABLE_CODE = YES;
				CLANG_WARN__DUPLICATE_METHOD_MATCH = YES;
				COPY_PHASE_STRIP = NO;
				DEBUG_INFORMATION_FORMAT = "dwarf-with-dsym";
				ENABLE_NS_ASSERTIONS = NO;
				ENABLE_STRICT_OBJC_MSGSEND = YES;
				GCC_C_LANGUAGE_STANDARD = gnu11;
				GCC_NO_COMMON_BLOCKS = YES;
				GCC_WARN_64_TO_32_BIT_CONVERSION = YES;
				GCC_WARN_ABOUT_RETURN_TYPE = YES_ERROR;
				GCC_WARN_UNDECLARED_SELECTOR = YES;
				GCC_WARN_UNINITIALIZED_AUTOS = YES_AGGRESSIVE;
				GCC_WARN_UNUSED_FUNCTION = YES;
				GCC_WARN_UNUSED_VARIABLE = YES;
				IPHONEOS_DEPLOYMENT_TARGET = 16.1;
				MTL_ENABLE_DEBUG_INFO = NO;
				MTL_FAST_MATH = YES;
				SDKROOT = iphoneos;
				SWIFT_COMPILATION_MODE = wholemodule;
				SWIFT_OPTIMIZATION_LEVEL = "-O";
				VALIDATE_PRODUCT = YES;
			};
			name = Release;
		};
		9C5F7CA82953274100DEF4E0 /* Debug */ = {
			isa = XCBuildConfiguration;
			buildSettings = {
				ASSETCATALOG_COMPILER_APPICON_NAME = AppIcon;
				ASSETCATALOG_COMPILER_GLOBAL_ACCENT_COLOR_NAME = AccentColor;
				CODE_SIGN_STYLE = Automatic;
				CURRENT_PROJECT_VERSION = 1;
				DEVELOPMENT_TEAM = R9MZB3HY3K;
				GENERATE_INFOPLIST_FILE = YES;
				INFOPLIST_FILE = Notes/Info.plist;
				INFOPLIST_KEY_UIApplicationSupportsIndirectInputEvents = YES;
				INFOPLIST_KEY_UILaunchStoryboardName = LaunchScreen;
				INFOPLIST_KEY_UIMainStoryboardFile = Main;
				INFOPLIST_KEY_UISupportedInterfaceOrientations_iPad = "UIInterfaceOrientationPortrait UIInterfaceOrientationPortraitUpsideDown UIInterfaceOrientationLandscapeLeft UIInterfaceOrientationLandscapeRight";
				INFOPLIST_KEY_UISupportedInterfaceOrientations_iPhone = "UIInterfaceOrientationPortrait UIInterfaceOrientationLandscapeLeft UIInterfaceOrientationLandscapeRight";
				LD_RUNPATH_SEARCH_PATHS = (
					"$(inherited)",
					"@executable_path/Frameworks",
				);
				MARKETING_VERSION = 1.0;
				PRODUCT_BUNDLE_IDENTIFIER = com.HelgaPsycho.Notes;
				PRODUCT_NAME = "$(TARGET_NAME)";
				SWIFT_EMIT_LOC_STRINGS = YES;
				SWIFT_VERSION = 5.0;
				TARGETED_DEVICE_FAMILY = "1,2";
			};
			name = Debug;
		};
		9C5F7CA92953274100DEF4E0 /* Release */ = {
			isa = XCBuildConfiguration;
			buildSettings = {
				ASSETCATALOG_COMPILER_APPICON_NAME = AppIcon;
				ASSETCATALOG_COMPILER_GLOBAL_ACCENT_COLOR_NAME = AccentColor;
				CODE_SIGN_STYLE = Automatic;
				CURRENT_PROJECT_VERSION = 1;
				DEVELOPMENT_TEAM = R9MZB3HY3K;
				GENERATE_INFOPLIST_FILE = YES;
				INFOPLIST_FILE = Notes/Info.plist;
				INFOPLIST_KEY_UIApplicationSupportsIndirectInputEvents = YES;
				INFOPLIST_KEY_UILaunchStoryboardName = LaunchScreen;
				INFOPLIST_KEY_UIMainStoryboardFile = Main;
				INFOPLIST_KEY_UISupportedInterfaceOrientations_iPad = "UIInterfaceOrientationPortrait UIInterfaceOrientationPortraitUpsideDown UIInterfaceOrientationLandscapeLeft UIInterfaceOrientationLandscapeRight";
				INFOPLIST_KEY_UISupportedInterfaceOrientations_iPhone = "UIInterfaceOrientationPortrait UIInterfaceOrientationLandscapeLeft UIInterfaceOrientationLandscapeRight";
				LD_RUNPATH_SEARCH_PATHS = (
					"$(inherited)",
					"@executable_path/Frameworks",
				);
				MARKETING_VERSION = 1.0;
				PRODUCT_BUNDLE_IDENTIFIER = com.HelgaPsycho.Notes;
				PRODUCT_NAME = "$(TARGET_NAME)";
				SWIFT_EMIT_LOC_STRINGS = YES;
				SWIFT_VERSION = 5.0;
				TARGETED_DEVICE_FAMILY = "1,2";
			};
			name = Release;
		};
/* End XCBuildConfiguration section */

/* Begin XCConfigurationList section */
		9C5F7C8B2953273F00DEF4E0 /* Build configuration list for PBXProject "Notes" */ = {
			isa = XCConfigurationList;
			buildConfigurations = (
				9C5F7CA52953274100DEF4E0 /* Debug */,
				9C5F7CA62953274100DEF4E0 /* Release */,
			);
			defaultConfigurationIsVisible = 0;
			defaultConfigurationName = Release;
		};
		9C5F7CA72953274100DEF4E0 /* Build configuration list for PBXNativeTarget "Notes" */ = {
			isa = XCConfigurationList;
			buildConfigurations = (
				9C5F7CA82953274100DEF4E0 /* Debug */,
				9C5F7CA92953274100DEF4E0 /* Release */,
			);
			defaultConfigurationIsVisible = 0;
			defaultConfigurationName = Release;
		};
/* End XCConfigurationList section */

/* Begin XCVersionGroup section */
		9C5F7C9C2953273F00DEF4E0 /* Notes.xcdatamodeld */ = {
			isa = XCVersionGroup;
			children = (
				9C5F7C9D2953273F00DEF4E0 /* Notes.xcdatamodel */,
			);
			currentVersion = 9C5F7C9D2953273F00DEF4E0 /* Notes.xcdatamodel */;
			path = Notes.xcdatamodeld;
			sourceTree = "<group>";
			versionGroupType = wrapper.xcdatamodel;
		};
/* End XCVersionGroup section */
	};
	rootObject = 9C5F7C882953273F00DEF4E0 /* Project object */;
}
